
Microsoft Visual Studio Solution File, Format Version 12.00
# Visual Studio Version 16
VisualStudioVersion = 16.0.32126.315
MinimumVisualStudioVersion = 10.0.40219.1
Project("{9A19103F-16F7-4668-BE54-9A1E7A4F7556}") = "prjLoadshedding", "prjLoadshedding\prjLoadshedding.csproj", "{0B4B9128-BECE-49E0-8FD4-7150E4FE53DE}"
EndProject
Project("{FAE04EC0-301F-11D3-BF4B-00C04F79EFBC}") = "InterfaceExample", "InterfaceExample\InterfaceExample.csproj", "{78012ED7-8CDE-416F-A679-870CAB1F0834}"
EndProject
Global
	GlobalSection(SolutionConfigurationPlatforms) = preSolution
		Debug|Any CPU = Debug|Any CPU
		Release|Any CPU = Release|Any CPU
	EndGlobalSection
	GlobalSection(ProjectConfigurationPlatforms) = postSolution
		{0B4B9128-BECE-49E0-8FD4-7150E4FE53DE}.Debug|Any CPU.ActiveCfg = Debug|Any CPU
		{0B4B9128-BECE-49E0-8FD4-7150E4FE53DE}.Debug|Any CPU.Build.0 = Debug|Any CPU
		{0B4B9128-BECE-49E0-8FD4-7150E4FE53DE}.Release|Any CPU.ActiveCfg = Release|Any CPU
		{0B4B9128-BECE-49E0-8FD4-7150E4FE53DE}.Release|Any CPU.Build.0 = Release|Any CPU
		{78012ED7-8CDE-416F-A679-870CAB1F0834}.Debug|Any CPU.ActiveCfg = Debug|Any CPU
		{78012ED7-8CDE-416F-A679-870CAB1F0834}.Debug|Any CPU.Build.0 = Debug|Any CPU
		{78012ED7-8CDE-416F-A679-870CAB1F0834}.Release|Any CPU.ActiveCfg = Release|Any CPU
		{78012ED7-8CDE-416F-A679-870CAB1F0834}.Release|Any CPU.Build.0 = Release|Any CPU
	EndGlobalSection
	GlobalSection(SolutionProperties) = preSolution
		HideSolutionNode = FALSE
	EndGlobalSection
	GlobalSection(ExtensibilityGlobals) = postSolution
		SolutionGuid = {08133098-3834-47DA-B5C4-F924A64FA47B}
	EndGlobalSection
EndGlobal
